
Microsoft Visual Studio Solution File, Format Version 12.00
# Visual Studio Version 17
VisualStudioVersion = 17.1.32421.90
MinimumVisualStudioVersion = 10.0.40219.1
Project("{FAE04EC0-301F-11D3-BF4B-00C04F79EFBC}") = "LAB_10", "LAB_10.csproj", "{F185EDE7-7146-452D-8103-0B2DE049024C}"
EndProject
Global
	GlobalSection(SolutionConfigurationPlatforms) = preSolution
		Debug|Any CPU = Debug|Any CPU
		Release|Any CPU = Release|Any CPU
	EndGlobalSection
	GlobalSection(ProjectConfigurationPlatforms) = postSolution
		{F185EDE7-7146-452D-8103-0B2DE049024C}.Debug|Any CPU.ActiveCfg = Debug|Any CPU
		{F185EDE7-7146-452D-8103-0B2DE049024C}.Debug|Any CPU.Build.0 = Debug|Any CPU
		{F185EDE7-7146-452D-8103-0B2DE049024C}.Release|Any CPU.ActiveCfg = Release|Any CPU
		{F185EDE7-7146-452D-8103-0B2DE049024C}.Release|Any CPU.Build.0 = Release|Any CPU
	EndGlobalSection
	GlobalSection(SolutionProperties) = preSolution
		HideSolutionNode = FALSE
	EndGlobalSection
	GlobalSection(ExtensibilityGlobals) = postSolution
		SolutionGuid = {006164CD-7015-4503-BF12-5CC0FA9DC901}
	EndGlobalSection
EndGlobal
