
Microsoft Visual Studio Solution File, Format Version 12.00
# Visual Studio Version 16
VisualStudioVersion = 16.0.32228.343
MinimumVisualStudioVersion = 10.0.40219.1
Project("{FAE04EC0-301F-11D3-BF4B-00C04F79EFBC}") = "LAB_5", "LAB_5.csproj", "{AF06F31A-C64A-491A-A21A-C72FA9CCECA3}"
EndProject
Global
	GlobalSection(SolutionConfigurationPlatforms) = preSolution
		Debug|Any CPU = Debug|Any CPU
		Release|Any CPU = Release|Any CPU
	EndGlobalSection
	GlobalSection(ProjectConfigurationPlatforms) = postSolution
		{AF06F31A-C64A-491A-A21A-C72FA9CCECA3}.Debug|Any CPU.ActiveCfg = Debug|Any CPU
		{AF06F31A-C64A-491A-A21A-C72FA9CCECA3}.Debug|Any CPU.Build.0 = Debug|Any CPU
		{AF06F31A-C64A-491A-A21A-C72FA9CCECA3}.Release|Any CPU.ActiveCfg = Release|Any CPU
		{AF06F31A-C64A-491A-A21A-C72FA9CCECA3}.Release|Any CPU.Build.0 = Release|Any CPU
	EndGlobalSection
	GlobalSection(SolutionProperties) = preSolution
		HideSolutionNode = FALSE
	EndGlobalSection
	GlobalSection(ExtensibilityGlobals) = postSolution
		SolutionGuid = {48120864-CF54-4BE5-A950-7916CCA8E166}
	EndGlobalSection
EndGlobal
